
Microsoft Visual Studio Solution File, Format Version 12.00
# Visual Studio 2012
Project("{FAE04EC0-301F-11D3-BF4B-00C04F79EFBC}") = "ITPCfSQL.Azure", "ITPCfSQL.Azure\ITPCfSQL.Azure.csproj", "{1B74A3BB-050E-4996-BAF5-FC9883D75350}"
EndProject
Project("{FAE04EC0-301F-11D3-BF4B-00C04F79EFBC}") = "ITPCfSQL.Azure.CLR", "ITPCfSQL.Azure.CLR\ITPCfSQL.Azure.CLR.csproj", "{BE83AA9A-8B39-4C6B-BB4A-CB4B9D82A8E9}"
EndProject
Global
	GlobalSection(SolutionConfigurationPlatforms) = preSolution
		Debug|Any CPU = Debug|Any CPU
		Release|Any CPU = Release|Any CPU
	EndGlobalSection
	GlobalSection(ProjectConfigurationPlatforms) = postSolution
		{1B74A3BB-050E-4996-BAF5-FC9883D75350}.Debug|Any CPU.ActiveCfg = Debug|Any CPU
		{1B74A3BB-050E-4996-BAF5-FC9883D75350}.Debug|Any CPU.Build.0 = Debug|Any CPU
		{1B74A3BB-050E-4996-BAF5-FC9883D75350}.Release|Any CPU.ActiveCfg = Release|Any CPU
		{1B74A3BB-050E-4996-BAF5-FC9883D75350}.Release|Any CPU.Build.0 = Release|Any CPU
		{BE83AA9A-8B39-4C6B-BB4A-CB4B9D82A8E9}.Debug|Any CPU.ActiveCfg = Debug|Any CPU
		{BE83AA9A-8B39-4C6B-BB4A-CB4B9D82A8E9}.Debug|Any CPU.Build.0 = Debug|Any CPU
		{BE83AA9A-8B39-4C6B-BB4A-CB4B9D82A8E9}.Release|Any CPU.ActiveCfg = Release|Any CPU
		{BE83AA9A-8B39-4C6B-BB4A-CB4B9D82A8E9}.Release|Any CPU.Build.0 = Release|Any CPU
	EndGlobalSection
	GlobalSection(SolutionProperties) = preSolution
		HideSolutionNode = FALSE
	EndGlobalSection
EndGlobal
